
Microsoft Visual Studio Solution File, Format Version 12.00
# Visual Studio 15
VisualStudioVersion = 15.0.28307.106
MinimumVisualStudioVersion = 10.0.40219.1
Project("{FAE04EC0-301F-11D3-BF4B-00C04F79EFBC}") = "Test1", "Test1\Test1.csproj", "{97C18884-C959-42F9-A12C-F0D04C3CC4A5}"
EndProject
Global
	GlobalSection(SolutionConfigurationPlatforms) = preSolution
		Debug|Any CPU = Debug|Any CPU
		Release|Any CPU = Release|Any CPU
	EndGlobalSection
	GlobalSection(ProjectConfigurationPlatforms) = postSolution
		{97C18884-C959-42F9-A12C-F0D04C3CC4A5}.Debug|Any CPU.ActiveCfg = Debug|Any CPU
		{97C18884-C959-42F9-A12C-F0D04C3CC4A5}.Debug|Any CPU.Build.0 = Debug|Any CPU
		{97C18884-C959-42F9-A12C-F0D04C3CC4A5}.Release|Any CPU.ActiveCfg = Release|Any CPU
		{97C18884-C959-42F9-A12C-F0D04C3CC4A5}.Release|Any CPU.Build.0 = Release|Any CPU
	EndGlobalSection
	GlobalSection(SolutionProperties) = preSolution
		HideSolutionNode = FALSE
	EndGlobalSection
	GlobalSection(ExtensibilityGlobals) = postSolution
		SolutionGuid = {38F6B5C4-F41A-4023-9B90-484FCB6E5148}
	EndGlobalSection
EndGlobal
